
Microsoft Visual Studio Solution File, Format Version 12.00
# Visual Studio Version 17
VisualStudioVersion = 17.1.31903.286
MinimumVisualStudioVersion = 10.0.40219.1
Project("{FAE04EC0-301F-11D3-BF4B-00C04F79EFBC}") = "Github øveslse", "Github øveslse\Github øveslse.csproj", "{332C4819-C0B0-4AD8-BDA5-5BBEEE188816}"
EndProject
Global
	GlobalSection(SolutionConfigurationPlatforms) = preSolution
		Debug|Any CPU = Debug|Any CPU
		Release|Any CPU = Release|Any CPU
	EndGlobalSection
	GlobalSection(ProjectConfigurationPlatforms) = postSolution
		{332C4819-C0B0-4AD8-BDA5-5BBEEE188816}.Debug|Any CPU.ActiveCfg = Debug|Any CPU
		{332C4819-C0B0-4AD8-BDA5-5BBEEE188816}.Debug|Any CPU.Build.0 = Debug|Any CPU
		{332C4819-C0B0-4AD8-BDA5-5BBEEE188816}.Release|Any CPU.ActiveCfg = Release|Any CPU
		{332C4819-C0B0-4AD8-BDA5-5BBEEE188816}.Release|Any CPU.Build.0 = Release|Any CPU
	EndGlobalSection
	GlobalSection(SolutionProperties) = preSolution
		HideSolutionNode = FALSE
	EndGlobalSection
	GlobalSection(ExtensibilityGlobals) = postSolution
		SolutionGuid = {35B5DA5C-F2BE-4BC3-AB38-5E4855DB33AD}
	EndGlobalSection
EndGlobal
